// !$*UTF8*$!
{
	archiveVersion = 1;
	classes = {
	};
	objectVersion = 46;
	objects = {

/* Begin PBXBuildFile section */
		532794941D06097D00744B47 /* AppDelegate.swift in Sources */ = {isa = PBXBuildFile; fileRef = 532794931D06097D00744B47 /* AppDelegate.swift */; };
		532794961D06097D00744B47 /* ViewController.swift in Sources */ = {isa = PBXBuildFile; fileRef = 532794951D06097D00744B47 /* ViewController.swift */; };
		532794991D06097D00744B47 /* Main.storyboard in Resources */ = {isa = PBXBuildFile; fileRef = 532794971D06097D00744B47 /* Main.storyboard */; };
		5327949B1D06097D00744B47 /* Assets.xcassets in Resources */ = {isa = PBXBuildFile; fileRef = 5327949A1D06097D00744B47 /* Assets.xcassets */; };
		5327949E1D06097D00744B47 /* LaunchScreen.storyboard in Resources */ = {isa = PBXBuildFile; fileRef = 5327949C1D06097D00744B47 /* LaunchScreen.storyboard */; };
		532794A61D06288200744B47 /* GoogleService-Info.plist in Resources */ = {isa = PBXBuildFile; fileRef = 532794A51D06288200744B47 /* GoogleService-Info.plist */; };
		532794A91D0668DE00744B47 /* IMG_0768.mov in Resources */ = {isa = PBXBuildFile; fileRef = 532794A81D0668DE00744B47 /* IMG_0768.mov */; };
		532794AD1D06A98100744B47 /* StartUpViewController.swift in Sources */ = {isa = PBXBuildFile; fileRef = 532794AC1D06A98100744B47 /* StartUpViewController.swift */; };
		535DD80F1D190E000000F5C4 /* RegisterViewController.swift in Sources */ = {isa = PBXBuildFile; fileRef = 535DD80E1D190E000000F5C4 /* RegisterViewController.swift */; };
		AD3008A574C575740A923E7A /* Pods_Dobs.framework in Frameworks */ = {isa = PBXBuildFile; fileRef = 720A055BB8282770CB5212A3 /* Pods_Dobs.framework */; };
/* End PBXBuildFile section */

/* Begin PBXFileReference section */
		532794901D06097B00744B47 /* Dobs.app */ = {isa = PBXFileReference; explicitFileType = wrapper.application; includeInIndex = 0; path = Dobs.app; sourceTree = BUILT_PRODUCTS_DIR; };
		532794931D06097D00744B47 /* AppDelegate.swift */ = {isa = PBXFileReference; lastKnownFileType = sourcecode.swift; path = AppDelegate.swift; sourceTree = "<group>"; };
		532794951D06097D00744B47 /* ViewController.swift */ = {isa = PBXFileReference; lastKnownFileType = sourcecode.swift; path = ViewController.swift; sourceTree = "<group>"; };
		532794981D06097D00744B47 /* Base */ = {isa = PBXFileReference; lastKnownFileType = file.storyboard; name = Base; path = Base.lproj/Main.storyboard; sourceTree = "<group>"; };
		5327949A1D06097D00744B47 /* Assets.xcassets */ = {isa = PBXFileReference; lastKnownFileType = folder.assetcatalog; path = Assets.xcassets; sourceTree = "<group>"; };
		5327949D1D06097D00744B47 /* Base */ = {isa = PBXFileReference; lastKnownFileType = file.storyboard; name = Base; path = Base.lproj/LaunchScreen.storyboard; sourceTree = "<group>"; };
		5327949F1D06097E00744B47 /* Info.plist */ = {isa = PBXFileReference; lastKnownFileType = text.plist.xml; path = Info.plist; sourceTree = "<group>"; };
		532794A51D06288200744B47 /* GoogleService-Info.plist */ = {isa = PBXFileReference; fileEncoding = 4; lastKnownFileType = text.plist.xml; path = "GoogleService-Info.plist"; sourceTree = "<group>"; };
		532794A81D0668DE00744B47 /* IMG_0768.mov */ = {isa = PBXFileReference; lastKnownFileType = video.quicktime; path = IMG_0768.mov; sourceTree = "<group>"; };
		532794AC1D06A98100744B47 /* StartUpViewController.swift */ = {isa = PBXFileReference; fileEncoding = 4; lastKnownFileType = sourcecode.swift; path = StartUpViewController.swift; sourceTree = "<group>"; };
		535DD80E1D190E000000F5C4 /* RegisterViewController.swift */ = {isa = PBXFileReference; fileEncoding = 4; lastKnownFileType = sourcecode.swift; path = RegisterViewController.swift; sourceTree = "<group>"; };
		68D78DD5C64B0782B24BEC4B /* Pods-Dobs.release.xcconfig */ = {isa = PBXFileReference; includeInIndex = 1; lastKnownFileType = text.xcconfig; name = "Pods-Dobs.release.xcconfig"; path = "Pods/Target Support Files/Pods-Dobs/Pods-Dobs.release.xcconfig"; sourceTree = "<group>"; };
		720A055BB8282770CB5212A3 /* Pods_Dobs.framework */ = {isa = PBXFileReference; explicitFileType = wrapper.framework; includeInIndex = 0; path = Pods_Dobs.framework; sourceTree = BUILT_PRODUCTS_DIR; };
		E50717D705C6F18F83192F1B /* Pods-Dobs.debug.xcconfig */ = {isa = PBXFileReference; includeInIndex = 1; lastKnownFileType = text.xcconfig; name = "Pods-Dobs.debug.xcconfig"; path = "Pods/Target Support Files/Pods-Dobs/Pods-Dobs.debug.xcconfig"; sourceTree = "<group>"; };
/* End PBXFileReference section */

/* Begin PBXFrameworksBuildPhase section */
		5327948D1D06097B00744B47 /* Frameworks */ = {
			isa = PBXFrameworksBuildPhase;
			buildActionMask = 2147483647;
			files = (
				AD3008A574C575740A923E7A /* Pods_Dobs.framework in Frameworks */,
			);
			runOnlyForDeploymentPostprocessing = 0;
		};
/* End PBXFrameworksBuildPhase section */

/* Begin PBXGroup section */
		532794871D06097B00744B47 = {
			isa = PBXGroup;
			children = (
				532794A71D06679300744B47 /* Resources */,
				532794921D06097D00744B47 /* Dobs */,
				532794911D06097B00744B47 /* Products */,
				5640436169CC1B5DB066C80A /* Pods */,
				FE9CFFAF5D6A78DFA6118939 /* Frameworks */,
			);
			sourceTree = "<group>";
		};
		532794911D06097B00744B47 /* Products */ = {
			isa = PBXGroup;
			children = (
				532794901D06097B00744B47 /* Dobs.app */,
			);
			name = Products;
			sourceTree = "<group>";
		};
		532794921D06097D00744B47 /* Dobs */ = {
			isa = PBXGroup;
			children = (
				532794931D06097D00744B47 /* AppDelegate.swift */,
				532794951D06097D00744B47 /* ViewController.swift */,
				532794AC1D06A98100744B47 /* StartUpViewController.swift */,
				532794971D06097D00744B47 /* Main.storyboard */,
				535DD80E1D190E000000F5C4 /* RegisterViewController.swift */,
				5327949A1D06097D00744B47 /* Assets.xcassets */,
				5327949C1D06097D00744B47 /* LaunchScreen.storyboard */,
				5327949F1D06097E00744B47 /* Info.plist */,
				532794A51D06288200744B47 /* GoogleService-Info.plist */,
			);
			path = Dobs;
			sourceTree = "<group>";
		};
		532794A71D06679300744B47 /* Resources */ = {
			isa = PBXGroup;
			children = (
				532794A81D0668DE00744B47 /* IMG_0768.mov */,
			);
			name = Resources;
			sourceTree = "<group>";
		};
		5640436169CC1B5DB066C80A /* Pods */ = {
			isa = PBXGroup;
			children = (
				E50717D705C6F18F83192F1B /* Pods-Dobs.debug.xcconfig */,
				68D78DD5C64B0782B24BEC4B /* Pods-Dobs.release.xcconfig */,
			);
			name = Pods;
			sourceTree = "<group>";
		};
		FE9CFFAF5D6A78DFA6118939 /* Frameworks */ = {
			isa = PBXGroup;
			children = (
				720A055BB8282770CB5212A3 /* Pods_Dobs.framework */,
			);
			name = Frameworks;
			sourceTree = "<group>";
		};
/* End PBXGroup section */

/* Begin PBXNativeTarget section */
		5327948F1D06097B00744B47 /* Dobs */ = {
			isa = PBXNativeTarget;
			buildConfigurationList = 532794A21D06097E00744B47 /* Build configuration list for PBXNativeTarget "Dobs" */;
			buildPhases = (
				B559F5EA40516CBD1BC2655A /* 📦 Check Pods Manifest.lock */,
				5327948C1D06097B00744B47 /* Sources */,
				5327948D1D06097B00744B47 /* Frameworks */,
				5327948E1D06097B00744B47 /* Resources */,
				6BF2232B89740C535E5F42BE /* 📦 Embed Pods Frameworks */,
				2787EAFA86C9DE6003587C8C /* 📦 Copy Pods Resources */,
			);
			buildRules = (
			);
			dependencies = (
			);
			name = Dobs;
			productName = Dobs;
			productReference = 532794901D06097B00744B47 /* Dobs.app */;
			productType = "com.apple.product-type.application";
		};
/* End PBXNativeTarget section */

/* Begin PBXProject section */
		532794881D06097B00744B47 /* Project object */ = {
			isa = PBXProject;
			attributes = {
				LastSwiftUpdateCheck = 0730;
				LastUpgradeCheck = 0730;
				ORGANIZATIONNAME = CesBeast;
				TargetAttributes = {
					5327948F1D06097B00744B47 = {
						CreatedOnToolsVersion = 7.3.1;
					};
				};
			};
			buildConfigurationList = 5327948B1D06097B00744B47 /* Build configuration list for PBXProject "Dobs" */;
			compatibilityVersion = "Xcode 3.2";
			developmentRegion = English;
			hasScannedForEncodings = 0;
			knownRegions = (
				en,
				Base,
			);
			mainGroup = 532794871D06097B00744B47;
			productRefGroup = 532794911D06097B00744B47 /* Products */;
			projectDirPath = "";
			projectRoot = "";
			targets = (
				5327948F1D06097B00744B47 /* Dobs */,
			);
		};
/* End PBXProject section */

/* Begin PBXResourcesBuildPhase section */
		5327948E1D06097B00744B47 /* Resources */ = {
			isa = PBXResourcesBuildPhase;
			buildActionMask = 2147483647;
			files = (
				5327949E1D06097D00744B47 /* LaunchScreen.storyboard in Resources */,
				532794A91D0668DE00744B47 /* IMG_0768.mov in Resources */,
				532794A61D06288200744B47 /* GoogleService-Info.plist in Resources */,
				5327949B1D06097D00744B47 /* Assets.xcassets in Resources */,
				532794991D06097D00744B47 /* Main.storyboard in Resources */,
			);
			runOnlyForDeploymentPostprocessing = 0;
		};
/* End PBXResourcesBuildPhase section */

/* Begin PBXShellScriptBuildPhase section */
		2787EAFA86C9DE6003587C8C /* 📦 Copy Pods Resources */ = {
			isa = PBXShellScriptBuildPhase;
			buildActionMask = 2147483647;
			files = (
			);
			inputPaths = (
			);
			name = "📦 Copy Pods Resources";
			outputPaths = (
			);
			runOnlyForDeploymentPostprocessing = 0;
			shellPath = /bin/sh;
			shellScript = "\"${SRCROOT}/Pods/Target Support Files/Pods-Dobs/Pods-Dobs-resources.sh\"\n";
			showEnvVarsInLog = 0;
		};
		6BF2232B89740C535E5F42BE /* 📦 Embed Pods Frameworks */ = {
			isa = PBXShellScriptBuildPhase;
			buildActionMask = 2147483647;
			files = (
			);
			inputPaths = (
			);
			name = "📦 Embed Pods Frameworks";
			outputPaths = (
			);
			runOnlyForDeploymentPostprocessing = 0;
			shellPath = /bin/sh;
			shellScript = "\"${SRCROOT}/Pods/Target Support Files/Pods-Dobs/Pods-Dobs-frameworks.sh\"\n";
			showEnvVarsInLog = 0;
		};
		B559F5EA40516CBD1BC2655A /* 📦 Check Pods Manifest.lock */ = {
			isa = PBXShellScriptBuildPhase;
			buildActionMask = 2147483647;
			files = (
			);
			inputPaths = (
			);
			name = "📦 Check Pods Manifest.lock";
			outputPaths = (
			);
			runOnlyForDeploymentPostprocessing = 0;
			shellPath = /bin/sh;
			shellScript = "diff \"${PODS_ROOT}/../Podfile.lock\" \"${PODS_ROOT}/Manifest.lock\" > /dev/null\nif [[ $? != 0 ]] ; then\n    cat << EOM\nerror: The sandbox is not in sync with the Podfile.lock. Run 'pod install' or update your CocoaPods installation.\nEOM\n    exit 1\nfi\n";
			showEnvVarsInLog = 0;
		};
/* End PBXShellScriptBuildPhase section */

/* Begin PBXSourcesBuildPhase section */
		5327948C1D06097B00744B47 /* Sources */ = {
			isa = PBXSourcesBuildPhase;
			buildActionMask = 2147483647;
			files = (
				532794AD1D06A98100744B47 /* StartUpViewController.swift in Sources */,
				532794961D06097D00744B47 /* ViewController.swift in Sources */,
				532794941D06097D00744B47 /* AppDelegate.swift in Sources */,
				535DD80F1D190E000000F5C4 /* RegisterViewController.swift in Sources */,
			);
			runOnlyForDeploymentPostprocessing = 0;
		};
/* End PBXSourcesBuildPhase section */

/* Begin PBXVariantGroup section */
		532794971D06097D00744B47 /* Main.storyboard */ = {
			isa = PBXVariantGroup;
			children = (
				532794981D06097D00744B47 /* Base */,
			);
			name = Main.storyboard;
			sourceTree = "<group>";
		};
		5327949C1D06097D00744B47 /* LaunchScreen.storyboard */ = {
			isa = PBXVariantGroup;
			children = (
				5327949D1D06097D00744B47 /* Base */,
			);
			name = LaunchScreen.storyboard;
			sourceTree = "<group>";
		};
/* End PBXVariantGroup section */

/* Begin XCBuildConfiguration section */
		532794A01D06097E00744B47 /* Debug */ = {
			isa = XCBuildConfiguration;
			buildSettings = {
				ALWAYS_SEARCH_USER_PATHS = NO;
				CLANG_ANALYZER_NONNULL = YES;
				CLANG_CXX_LANGUAGE_STANDARD = "gnu++0x";
				CLANG_CXX_LIBRARY = "libc++";
				CLANG_ENABLE_MODULES = YES;
				CLANG_ENABLE_OBJC_ARC = YES;
				CLANG_WARN_BOOL_CONVERSION = YES;
				CLANG_WARN_CONSTANT_CONVERSION = YES;
				CLANG_WARN_DIRECT_OBJC_ISA_USAGE = YES_ERROR;
				CLANG_WARN_EMPTY_BODY = YES;
				CLANG_WARN_ENUM_CONVERSION = YES;
				CLANG_WARN_INT_CONVERSION = YES;
				CLANG_WARN_OBJC_ROOT_CLASS = YES_ERROR;
				CLANG_WARN_UNREACHABLE_CODE = YES;
				CLANG_WARN__DUPLICATE_METHOD_MATCH = YES;
				"CODE_SIGN_IDENTITY[sdk=iphoneos*]" = "iPhone Developer";
				COPY_PHASE_STRIP = NO;
				DEBUG_INFORMATION_FORMAT = dwarf;
				ENABLE_STRICT_OBJC_MSGSEND = YES;
				ENABLE_TESTABILITY = YES;
				GCC_C_LANGUAGE_STANDARD = gnu99;
				GCC_DYNAMIC_NO_PIC = NO;
				GCC_NO_COMMON_BLOCKS = YES;
				GCC_OPTIMIZATION_LEVEL = 0;
				GCC_PREPROCESSOR_DEFINITIONS = (
					"DEBUG=1",
					"$(inherited)",
				);
				GCC_WARN_64_TO_32_BIT_CONVERSION = YES;
				GCC_WARN_ABOUT_RETURN_TYPE = YES_ERROR;
				GCC_WARN_UNDECLARED_SELECTOR = YES;
				GCC_WARN_UNINITIALIZED_AUTOS = YES_AGGRESSIVE;
				GCC_WARN_UNUSED_FUNCTION = YES;
				GCC_WARN_UNUSED_VARIABLE = YES;
				IPHONEOS_DEPLOYMENT_TARGET = 9.3;
				MTL_ENABLE_DEBUG_INFO = YES;
				ONLY_ACTIVE_ARCH = YES;
				SDKROOT = iphoneos;
				SWIFT_OPTIMIZATION_LEVEL = "-Onone";
			};
			name = Debug;
		};
		532794A11D06097E00744B47 /* Release */ = {
			isa = XCBuildConfiguration;
			buildSettings = {
				ALWAYS_SEARCH_USER_PATHS = NO;
				CLANG_ANALYZER_NONNULL = YES;
				CLANG_CXX_LANGUAGE_STANDARD = "gnu++0x";
				CLANG_CXX_LIBRARY = "libc++";
				CLANG_ENABLE_MODULES = YES;
				CLANG_ENABLE_OBJC_ARC = YES;
				CLANG_WARN_BOOL_CONVERSION = YES;
				CLANG_WARN_CONSTANT_CONVERSION = YES;
				CLANG_WARN_DIRECT_OBJC_ISA_USAGE = YES_ERROR;
				CLANG_WARN_EMPTY_BODY = YES;
				CLANG_WARN_ENUM_CONVERSION = YES;
				CLANG_WARN_INT_CONVERSION = YES;
				CLANG_WARN_OBJC_ROOT_CLASS = YES_ERROR;
				CLANG_WARN_UNREACHABLE_CODE = YES;
				CLANG_WARN__DUPLICATE_METHOD_MATCH = YES;
				"CODE_SIGN_IDENTITY[sdk=iphoneos*]" = "iPhone Developer";
				COPY_PHASE_STRIP = NO;
				DEBUG_INFORMATION_FORMAT = "dwarf-with-dsym";
				ENABLE_NS_ASSERTIONS = NO;
				ENABLE_STRICT_OBJC_MSGSEND = YES;
				GCC_C_LANGUAGE_STANDARD = gnu99;
				GCC_NO_COMMON_BLOCKS = YES;
				GCC_WARN_64_TO_32_BIT_CONVERSION = YES;
				GCC_WARN_ABOUT_RETURN_TYPE = YES_ERROR;
				GCC_WARN_UNDECLARED_SELECTOR = YES;
				GCC_WARN_UNINITIALIZED_AUTOS = YES_AGGRESSIVE;
				GCC_WARN_UNUSED_FUNCTION = YES;
				GCC_WARN_UNUSED_VARIABLE = YES;
				IPHONEOS_DEPLOYMENT_TARGET = 9.3;
				MTL_ENABLE_DEBUG_INFO = NO;
				SDKROOT = iphoneos;
				VALIDATE_PRODUCT = YES;
			};
			name = Release;
		};
		532794A31D06097E00744B47 /* Debug */ = {
			isa = XCBuildConfiguration;
			baseConfigurationReference = E50717D705C6F18F83192F1B /* Pods-Dobs.debug.xcconfig */;
			buildSettings = {
				ASSETCATALOG_COMPILER_APPICON_NAME = AppIcon;
				INFOPLIST_FILE = Dobs/Info.plist;
				LD_RUNPATH_SEARCH_PATHS = "$(inherited) @executable_path/Frameworks";
				PRODUCT_BUNDLE_IDENTIFIER = com.cesbeast.Dobs;
				PRODUCT_NAME = "$(TARGET_NAME)";
			};
			name = Debug;
		};
		532794A41D06097E00744B47 /* Release */ = {
			isa = XCBuildConfiguration;
			baseConfigurationReference = 68D78DD5C64B0782B24BEC4B /* Pods-Dobs.release.xcconfig */;
			buildSettings = {
				ASSETCATALOG_COMPILER_APPICON_NAME = AppIcon;
				INFOPLIST_FILE = Dobs/Info.plist;
				LD_RUNPATH_SEARCH_PATHS = "$(inherited) @executable_path/Frameworks";
				PRODUCT_BUNDLE_IDENTIFIER = com.cesbeast.Dobs;
				PRODUCT_NAME = "$(TARGET_NAME)";
			};
			name = Release;
		};
/* End XCBuildConfiguration section */

/* Begin XCConfigurationList section */
		5327948B1D06097B00744B47 /* Build configuration list for PBXProject "Dobs" */ = {
			isa = XCConfigurationList;
			buildConfigurations = (
				532794A01D06097E00744B47 /* Debug */,
				532794A11D06097E00744B47 /* Release */,
			);
			defaultConfigurationIsVisible = 0;
			defaultConfigurationName = Release;
		};
		532794A21D06097E00744B47 /* Build configuration list for PBXNativeTarget "Dobs" */ = {
			isa = XCConfigurationList;
			buildConfigurations = (
				532794A31D06097E00744B47 /* Debug */,
				532794A41D06097E00744B47 /* Release */,
			);
			defaultConfigurationIsVisible = 0;
			defaultConfigurationName = Release;
		};
/* End XCConfigurationList section */
	};
	rootObject = 532794881D06097B00744B47 /* Project object */;
}
